// !$*UTF8*$!
{
	archiveVersion = 1;
	classes = {
	};
	objectVersion = 50;
	objects = {

/* Begin PBXBuildFile section */
		465E2C3822130A6D00B340EA /* AppDelegate.swift in Sources */ = {isa = PBXBuildFile; fileRef = 465E2C3722130A6D00B340EA /* AppDelegate.swift */; };
		465E2C3A22130A6D00B340EA /* ViewController.swift in Sources */ = {isa = PBXBuildFile; fileRef = 465E2C3922130A6D00B340EA /* ViewController.swift */; };
		465E2C3D22130A6D00B340EA /* Problem1.storyboard in Resources */ = {isa = PBXBuildFile; fileRef = 465E2C3B22130A6D00B340EA /* Problem1.storyboard */; };
		465E2C3F22130A6F00B340EA /* Assets.xcassets in Resources */ = {isa = PBXBuildFile; fileRef = 465E2C3E22130A6F00B340EA /* Assets.xcassets */; };
		465E2C4222130A6F00B340EA /* LaunchScreen.storyboard in Resources */ = {isa = PBXBuildFile; fileRef = 465E2C4022130A6F00B340EA /* LaunchScreen.storyboard */; };
		465E2C4B22130ECB00B340EA /* Problem2.storyboard in Resources */ = {isa = PBXBuildFile; fileRef = 465E2C4922130ECB00B340EA /* Problem2.storyboard */; };
/* End PBXBuildFile section */

/* Begin PBXFileReference section */
		465E2C3422130A6D00B340EA /* AutoLayoutChallenge.app */ = {isa = PBXFileReference; explicitFileType = wrapper.application; includeInIndex = 0; path = AutoLayoutChallenge.app; sourceTree = BUILT_PRODUCTS_DIR; };
		465E2C3722130A6D00B340EA /* AppDelegate.swift */ = {isa = PBXFileReference; lastKnownFileType = sourcecode.swift; path = AppDelegate.swift; sourceTree = "<group>"; };
		465E2C3922130A6D00B340EA /* ViewController.swift */ = {isa = PBXFileReference; lastKnownFileType = sourcecode.swift; path = ViewController.swift; sourceTree = "<group>"; };
		465E2C3C22130A6D00B340EA /* Base */ = {isa = PBXFileReference; lastKnownFileType = file.storyboard; name = Base; path = Base.lproj/Problem1.storyboard; sourceTree = "<group>"; };
		465E2C3E22130A6F00B340EA /* Assets.xcassets */ = {isa = PBXFileReference; lastKnownFileType = folder.assetcatalog; path = Assets.xcassets; sourceTree = "<group>"; };
		465E2C4122130A6F00B340EA /* Base */ = {isa = PBXFileReference; lastKnownFileType = file.storyboard; name = Base; path = Base.lproj/LaunchScreen.storyboard; sourceTree = "<group>"; };
		465E2C4322130A6F00B340EA /* Info.plist */ = {isa = PBXFileReference; lastKnownFileType = text.plist.xml; path = Info.plist; sourceTree = "<group>"; };
		465E2C4A22130ECB00B340EA /* Base */ = {isa = PBXFileReference; lastKnownFileType = file.storyboard; name = Base; path = Base.lproj/Problem2.storyboard; sourceTree = "<group>"; };
/* End PBXFileReference section */

/* Begin PBXFrameworksBuildPhase section */
		465E2C3122130A6D00B340EA /* Frameworks */ = {
			isa = PBXFrameworksBuildPhase;
			buildActionMask = 2147483647;
			files = (
			);
			runOnlyForDeploymentPostprocessing = 0;
		};
/* End PBXFrameworksBuildPhase section */

/* Begin PBXGroup section */
		465E2C2B22130A6D00B340EA = {
			isa = PBXGroup;
			children = (
				465E2C3622130A6D00B340EA /* AutoLayoutChallenge */,
				465E2C3522130A6D00B340EA /* Products */,
			);
			sourceTree = "<group>";
		};
		465E2C3522130A6D00B340EA /* Products */ = {
			isa = PBXGroup;
			children = (
				465E2C3422130A6D00B340EA /* AutoLayoutChallenge.app */,
			);
			name = Products;
			sourceTree = "<group>";
		};
		465E2C3622130A6D00B340EA /* AutoLayoutChallenge */ = {
			isa = PBXGroup;
			children = (
				465E2C3722130A6D00B340EA /* AppDelegate.swift */,
				465E2C3922130A6D00B340EA /* ViewController.swift */,
				465E2C3B22130A6D00B340EA /* Problem1.storyboard */,
				465E2C4922130ECB00B340EA /* Problem2.storyboard */,
				465E2C3E22130A6F00B340EA /* Assets.xcassets */,
				465E2C4022130A6F00B340EA /* LaunchScreen.storyboard */,
				465E2C4322130A6F00B340EA /* Info.plist */,
			);
			path = AutoLayoutChallenge;
			sourceTree = "<group>";
		};
/* End PBXGroup section */

/* Begin PBXNativeTarget section */
		465E2C3322130A6D00B340EA /* AutoLayoutChallenge */ = {
			isa = PBXNativeTarget;
			buildConfigurationList = 465E2C4622130A6F00B340EA /* Build configuration list for PBXNativeTarget "AutoLayoutChallenge" */;
			buildPhases = (
				465E2C3022130A6D00B340EA /* Sources */,
				465E2C3122130A6D00B340EA /* Frameworks */,
				465E2C3222130A6D00B340EA /* Resources */,
			);
			buildRules = (
			);
			dependencies = (
			);
			name = AutoLayoutChallenge;
			productName = AutoLayoutChallenge;
			productReference = 465E2C3422130A6D00B340EA /* AutoLayoutChallenge.app */;
			productType = "com.apple.product-type.application";
		};
/* End PBXNativeTarget section */

/* Begin PBXProject section */
		465E2C2C22130A6D00B340EA /* Project object */ = {
			isa = PBXProject;
			attributes = {
				LastSwiftUpdateCheck = 1010;
				LastUpgradeCheck = 1010;
				ORGANIZATIONNAME = touyou;
				TargetAttributes = {
					465E2C3322130A6D00B340EA = {
						CreatedOnToolsVersion = 10.1;
					};
				};
			};
			buildConfigurationList = 465E2C2F22130A6D00B340EA /* Build configuration list for PBXProject "AutoLayoutChallenge" */;
			compatibilityVersion = "Xcode 9.3";
			developmentRegion = en;
			hasScannedForEncodings = 0;
			knownRegions = (
				en,
				Base,
			);
			mainGroup = 465E2C2B22130A6D00B340EA;
			productRefGroup = 465E2C3522130A6D00B340EA /* Products */;
			projectDirPath = "";
			projectRoot = "";
			targets = (
				465E2C3322130A6D00B340EA /* AutoLayoutChallenge */,
			);
		};
/* End PBXProject section */

/* Begin PBXResourcesBuildPhase section */
		465E2C3222130A6D00B340EA /* Resources */ = {
			isa = PBXResourcesBuildPhase;
			buildActionMask = 2147483647;
			files = (
				465E2C4222130A6F00B340EA /* LaunchScreen.storyboard in Resources */,
				465E2C4B22130ECB00B340EA /* Problem2.storyboard in Resources */,
				465E2C3F22130A6F00B340EA /* Assets.xcassets in Resources */,
				465E2C3D22130A6D00B340EA /* Problem1.storyboard in Resources */,
			);
			runOnlyForDeploymentPostprocessing = 0;
		};
/* End PBXResourcesBuildPhase section */

/* Begin PBXSourcesBuildPhase section */
		465E2C3022130A6D00B340EA /* Sources */ = {
			isa = PBXSourcesBuildPhase;
			buildActionMask = 2147483647;
			files = (
				465E2C3A22130A6D00B340EA /* ViewController.swift in Sources */,
				465E2C3822130A6D00B340EA /* AppDelegate.swift in Sources */,
			);
			runOnlyForDeploymentPostprocessing = 0;
		};
/* End PBXSourcesBuildPhase section */

/* Begin PBXVariantGroup section */
		465E2C3B22130A6D00B340EA /* Problem1.storyboard */ = {
			isa = PBXVariantGroup;
			children = (
				465E2C3C22130A6D00B340EA /* Base */,
			);
			name = Problem1.storyboard;
			sourceTree = "<group>";
		};
		465E2C4022130A6F00B340EA /* LaunchScreen.storyboard */ = {
			isa = PBXVariantGroup;
			children = (
				465E2C4122130A6F00B340EA /* Base */,
			);
			name = LaunchScreen.storyboard;
			sourceTree = "<group>";
		};
		465E2C4922130ECB00B340EA /* Problem2.storyboard */ = {
			isa = PBXVariantGroup;
			children = (
				465E2C4A22130ECB00B340EA /* Base */,
			);
			name = Problem2.storyboard;
			sourceTree = "<group>";
		};
/* End PBXVariantGroup section */

/* Begin XCBuildConfiguration section */
		465E2C4422130A6F00B340EA /* Debug */ = {
			isa = XCBuildConfiguration;
			buildSettings = {
				ALWAYS_SEARCH_USER_PATHS = NO;
				CLANG_ANALYZER_NONNULL = YES;
				CLANG_ANALYZER_NUMBER_OBJECT_CONVERSION = YES_AGGRESSIVE;
				CLANG_CXX_LANGUAGE_STANDARD = "gnu++14";
				CLANG_CXX_LIBRARY = "libc++";
				CLANG_ENABLE_MODULES = YES;
				CLANG_ENABLE_OBJC_ARC = YES;
				CLANG_ENABLE_OBJC_WEAK = YES;
				CLANG_WARN_BLOCK_CAPTURE_AUTORELEASING = YES;
				CLANG_WARN_BOOL_CONVERSION = YES;
				CLANG_WARN_COMMA = YES;
				CLANG_WARN_CONSTANT_CONVERSION = YES;
				CLANG_WARN_DEPRECATED_OBJC_IMPLEMENTATIONS = YES;
				CLANG_WARN_DIRECT_OBJC_ISA_USAGE = YES_ERROR;
				CLANG_WARN_DOCUMENTATION_COMMENTS = YES;
				CLANG_WARN_EMPTY_BODY = YES;
				CLANG_WARN_ENUM_CONVERSION = YES;
				CLANG_WARN_INFINITE_RECURSION = YES;
				CLANG_WARN_INT_CONVERSION = YES;
				CLANG_WARN_NON_LITERAL_NULL_CONVERSION = YES;
				CLANG_WARN_OBJC_IMPLICIT_RETAIN_SELF = YES;
				CLANG_WARN_OBJC_LITERAL_CONVERSION = YES;
				CLANG_WARN_OBJC_ROOT_CLASS = YES_ERROR;
				CLANG_WARN_RANGE_LOOP_ANALYSIS = YES;
				CLANG_WARN_STRICT_PROTOTYPES = YES;
				CLANG_WARN_SUSPICIOUS_MOVE = YES;
				CLANG_WARN_UNGUARDED_AVAILABILITY = YES_AGGRESSIVE;
				CLANG_WARN_UNREACHABLE_CODE = YES;
				CLANG_WARN__DUPLICATE_METHOD_MATCH = YES;
				CODE_SIGN_IDENTITY = "iPhone Developer";
				COPY_PHASE_STRIP = NO;
				DEBUG_INFORMATION_FORMAT = dwarf;
				ENABLE_STRICT_OBJC_MSGSEND = YES;
				ENABLE_TESTABILITY = YES;
				GCC_C_LANGUAGE_STANDARD = gnu11;
				GCC_DYNAMIC_NO_PIC = NO;
				GCC_NO_COMMON_BLOCKS = YES;
				GCC_OPTIMIZATION_LEVEL = 0;
				GCC_PREPROCESSOR_DEFINITIONS = (
					"DEBUG=1",
					"$(inherited)",
				);
				GCC_WARN_64_TO_32_BIT_CONVERSION = YES;
				GCC_WARN_ABOUT_RETURN_TYPE = YES_ERROR;
				GCC_WARN_UNDECLARED_SELECTOR = YES;
				GCC_WARN_UNINITIALIZED_AUTOS = YES_AGGRESSIVE;
				GCC_WARN_UNUSED_FUNCTION = YES;
				GCC_WARN_UNUSED_VARIABLE = YES;
				IPHONEOS_DEPLOYMENT_TARGET = 12.1;
				MTL_ENABLE_DEBUG_INFO = INCLUDE_SOURCE;
				MTL_FAST_MATH = YES;
				ONLY_ACTIVE_ARCH = YES;
				SDKROOT = iphoneos;
				SWIFT_ACTIVE_COMPILATION_CONDITIONS = DEBUG;
				SWIFT_OPTIMIZATION_LEVEL = "-Onone";
			};
			name = Debug;
		};
		465E2C4522130A6F00B340EA /* Release */ = {
			isa = XCBuildConfiguration;
			buildSettings = {
				ALWAYS_SEARCH_USER_PATHS = NO;
				CLANG_ANALYZER_NONNULL = YES;
				CLANG_ANALYZER_NUMBER_OBJECT_CONVERSION = YES_AGGRESSIVE;
				CLANG_CXX_LANGUAGE_STANDARD = "gnu++14";
				CLANG_CXX_LIBRARY = "libc++";
				CLANG_ENABLE_MODULES = YES;
				CLANG_ENABLE_OBJC_ARC = YES;
				CLANG_ENABLE_OBJC_WEAK = YES;
				CLANG_WARN_BLOCK_CAPTURE_AUTORELEASING = YES;
				CLANG_WARN_BOOL_CONVERSION = YES;
				CLANG_WARN_COMMA = YES;
				CLANG_WARN_CONSTANT_CONVERSION = YES;
				CLANG_WARN_DEPRECATED_OBJC_IMPLEMENTATIONS = YES;
				CLANG_WARN_DIRECT_OBJC_ISA_USAGE = YES_ERROR;
				CLANG_WARN_DOCUMENTATION_COMMENTS = YES;
				CLANG_WARN_EMPTY_BODY = YES;
				CLANG_WARN_ENUM_CONVERSION = YES;
				CLANG_WARN_INFINITE_RECURSION = YES;
				CLANG_WARN_INT_CONVERSION = YES;
				CLANG_WARN_NON_LITERAL_NULL_CONVERSION = YES;
				CLANG_WARN_OBJC_IMPLICIT_RETAIN_SELF = YES;
				CLANG_WARN_OBJC_LITERAL_CONVERSION = YES;
				CLANG_WARN_OBJC_ROOT_CLASS = YES_ERROR;
				CLANG_WARN_RANGE_LOOP_ANALYSIS = YES;
				CLANG_WARN_STRICT_PROTOTYPES = YES;
				CLANG_WARN_SUSPICIOUS_MOVE = YES;
				CLANG_WARN_UNGUARDED_AVAILABILITY = YES_AGGRESSIVE;
				CLANG_WARN_UNREACHABLE_CODE = YES;
				CLANG_WARN__DUPLICATE_METHOD_MATCH = YES;
				CODE_SIGN_IDENTITY = "iPhone Developer";
				COPY_PHASE_STRIP = NO;
				DEBUG_INFORMATION_FORMAT = "dwarf-with-dsym";
				ENABLE_NS_ASSERTIONS = NO;
				ENABLE_STRICT_OBJC_MSGSEND = YES;
				GCC_C_LANGUAGE_STANDARD = gnu11;
				GCC_NO_COMMON_BLOCKS = YES;
				GCC_WARN_64_TO_32_BIT_CONVERSION = YES;
				GCC_WARN_ABOUT_RETURN_TYPE = YES_ERROR;
				GCC_WARN_UNDECLARED_SELECTOR = YES;
				GCC_WARN_UNINITIALIZED_AUTOS = YES_AGGRESSIVE;
				GCC_WARN_UNUSED_FUNCTION = YES;
				GCC_WARN_UNUSED_VARIABLE = YES;
				IPHONEOS_DEPLOYMENT_TARGET = 12.1;
				MTL_ENABLE_DEBUG_INFO = NO;
				MTL_FAST_MATH = YES;
				SDKROOT = iphoneos;
				SWIFT_COMPILATION_MODE = wholemodule;
				SWIFT_OPTIMIZATION_LEVEL = "-O";
				VALIDATE_PRODUCT = YES;
			};
			name = Release;
		};
		465E2C4722130A6F00B340EA /* Debug */ = {
			isa = XCBuildConfiguration;
			buildSettings = {
				ASSETCATALOG_COMPILER_APPICON_NAME = AppIcon;
				CODE_SIGN_STYLE = Automatic;
				DEVELOPMENT_TEAM = B4S4333JDW;
				INFOPLIST_FILE = AutoLayoutChallenge/Info.plist;
				LD_RUNPATH_SEARCH_PATHS = (
					"$(inherited)",
					"@executable_path/Frameworks",
				);
				PRODUCT_BUNDLE_IDENTIFIER = com.dev.touyou.AutoLayoutChallenge;
				PRODUCT_NAME = "$(TARGET_NAME)";
				SWIFT_VERSION = 4.2;
				TARGETED_DEVICE_FAMILY = "1,2";
			};
			name = Debug;
		};
		465E2C4822130A6F00B340EA /* Release */ = {
			isa = XCBuildConfiguration;
			buildSettings = {
				ASSETCATALOG_COMPILER_APPICON_NAME = AppIcon;
				CODE_SIGN_STYLE = Automatic;
				DEVELOPMENT_TEAM = B4S4333JDW;
				INFOPLIST_FILE = AutoLayoutChallenge/Info.plist;
				LD_RUNPATH_SEARCH_PATHS = (
					"$(inherited)",
					"@executable_path/Frameworks",
				);
				PRODUCT_BUNDLE_IDENTIFIER = com.dev.touyou.AutoLayoutChallenge;
				PRODUCT_NAME = "$(TARGET_NAME)";
				SWIFT_VERSION = 4.2;
				TARGETED_DEVICE_FAMILY = "1,2";
			};
			name = Release;
		};
/* End XCBuildConfiguration section */

/* Begin XCConfigurationList section */
		465E2C2F22130A6D00B340EA /* Build configuration list for PBXProject "AutoLayoutChallenge" */ = {
			isa = XCConfigurationList;
			buildConfigurations = (
				465E2C4422130A6F00B340EA /* Debug */,
				465E2C4522130A6F00B340EA /* Release */,
			);
			defaultConfigurationIsVisible = 0;
			defaultConfigurationName = Release;
		};
		465E2C4622130A6F00B340EA /* Build configuration list for PBXNativeTarget "AutoLayoutChallenge" */ = {
			isa = XCConfigurationList;
			buildConfigurations = (
				465E2C4722130A6F00B340EA /* Debug */,
				465E2C4822130A6F00B340EA /* Release */,
			);
			defaultConfigurationIsVisible = 0;
			defaultConfigurationName = Release;
		};
/* End XCConfigurationList section */
	};
	rootObject = 465E2C2C22130A6D00B340EA /* Project object */;
}
